// !$*UTF8*$!
{
	archiveVersion = 1;
	classes = {
	};
	objectVersion = 46;
	objects = {

/* Begin PBXBuildFile section */
		8924A3161921A0410082A039 /* Foundation.framework in Frameworks */ = {isa = PBXBuildFile; fileRef = 8924A3151921A0410082A039 /* Foundation.framework */; };
		8924A3181921A0410082A039 /* CoreGraphics.framework in Frameworks */ = {isa = PBXBuildFile; fileRef = 8924A3171921A0410082A039 /* CoreGraphics.framework */; };
		8924A31A1921A0410082A039 /* UIKit.framework in Frameworks */ = {isa = PBXBuildFile; fileRef = 8924A3191921A0410082A039 /* UIKit.framework */; };
		8924A3201921A0410082A039 /* InfoPlist.strings in Resources */ = {isa = PBXBuildFile; fileRef = 8924A31E1921A0410082A039 /* InfoPlist.strings */; };
		8924A3221921A0410082A039 /* main.m in Sources */ = {isa = PBXBuildFile; fileRef = 8924A3211921A0410082A039 /* main.m */; };
		8924A3261921A0410082A039 /* AppDelegate.m in Sources */ = {isa = PBXBuildFile; fileRef = 8924A3251921A0410082A039 /* AppDelegate.m */; };
		8924A3291921A0410082A039 /* Main_iPhone.storyboard in Resources */ = {isa = PBXBuildFile; fileRef = 8924A3271921A0410082A039 /* Main_iPhone.storyboard */; };
		8924A32C1921A0410082A039 /* Main_iPad.storyboard in Resources */ = {isa = PBXBuildFile; fileRef = 8924A32A1921A0410082A039 /* Main_iPad.storyboard */; };
		8924A32F1921A0410082A039 /* ViewController.m in Sources */ = {isa = PBXBuildFile; fileRef = 8924A32E1921A0410082A039 /* ViewController.m */; };
		8924A3311921A0410082A039 /* Images.xcassets in Resources */ = {isa = PBXBuildFile; fileRef = 8924A3301921A0410082A039 /* Images.xcassets */; };
		8924A3381921A0410082A039 /* XCTest.framework in Frameworks */ = {isa = PBXBuildFile; fileRef = 8924A3371921A0410082A039 /* XCTest.framework */; };
		8924A3391921A0410082A039 /* Foundation.framework in Frameworks */ = {isa = PBXBuildFile; fileRef = 8924A3151921A0410082A039 /* Foundation.framework */; };
		8924A33A1921A0410082A039 /* UIKit.framework in Frameworks */ = {isa = PBXBuildFile; fileRef = 8924A3191921A0410082A039 /* UIKit.framework */; };
		8924A3421921A0410082A039 /* InfoPlist.strings in Resources */ = {isa = PBXBuildFile; fileRef = 8924A3401921A0410082A039 /* InfoPlist.strings */; };
		8924A3441921A0410082A039 /* ZombieSomethingTests.m in Sources */ = {isa = PBXBuildFile; fileRef = 8924A3431921A0410082A039 /* ZombieSomethingTests.m */; };
		898C0F571921B1E600A14B7A /* Firebase.framework in Frameworks */ = {isa = PBXBuildFile; fileRef = 898C0F561921B1E600A14B7A /* Firebase.framework */; };
		898C0F591921B27C00A14B7A /* libicucore.dylib in Frameworks */ = {isa = PBXBuildFile; fileRef = 898C0F581921B27C00A14B7A /* libicucore.dylib */; };
		898C0F5B1921B28700A14B7A /* libc++.dylib in Frameworks */ = {isa = PBXBuildFile; fileRef = 898C0F5A1921B28700A14B7A /* libc++.dylib */; };
		898C0F5D1921B28E00A14B7A /* CFNetwork.framework in Frameworks */ = {isa = PBXBuildFile; fileRef = 898C0F5C1921B28E00A14B7A /* CFNetwork.framework */; };
		898C0F5F1921B29400A14B7A /* Security.framework in Frameworks */ = {isa = PBXBuildFile; fileRef = 898C0F5E1921B29400A14B7A /* Security.framework */; };
		898C0F611921B29A00A14B7A /* SystemConfiguration.framework in Frameworks */ = {isa = PBXBuildFile; fileRef = 898C0F601921B29A00A14B7A /* SystemConfiguration.framework */; };
/* End PBXBuildFile section */

/* Begin PBXContainerItemProxy section */
		8924A33B1921A0410082A039 /* PBXContainerItemProxy */ = {
			isa = PBXContainerItemProxy;
			containerPortal = 8924A30A1921A0410082A039 /* Project object */;
			proxyType = 1;
			remoteGlobalIDString = 8924A3111921A0410082A039;
			remoteInfo = ZombieSomething;
		};
/* End PBXContainerItemProxy section */

/* Begin PBXFileReference section */
		8924A3121921A0410082A039 /* ZombieSomething.app */ = {isa = PBXFileReference; explicitFileType = wrapper.application; includeInIndex = 0; path = ZombieSomething.app; sourceTree = BUILT_PRODUCTS_DIR; };
		8924A3151921A0410082A039 /* Foundation.framework */ = {isa = PBXFileReference; lastKnownFileType = wrapper.framework; name = Foundation.framework; path = System/Library/Frameworks/Foundation.framework; sourceTree = SDKROOT; };
		8924A3171921A0410082A039 /* CoreGraphics.framework */ = {isa = PBXFileReference; lastKnownFileType = wrapper.framework; name = CoreGraphics.framework; path = System/Library/Frameworks/CoreGraphics.framework; sourceTree = SDKROOT; };
		8924A3191921A0410082A039 /* UIKit.framework */ = {isa = PBXFileReference; lastKnownFileType = wrapper.framework; name = UIKit.framework; path = System/Library/Frameworks/UIKit.framework; sourceTree = SDKROOT; };
		8924A31D1921A0410082A039 /* ZombieSomething-Info.plist */ = {isa = PBXFileReference; lastKnownFileType = text.plist.xml; path = "ZombieSomething-Info.plist"; sourceTree = "<group>"; };
		8924A31F1921A0410082A039 /* en */ = {isa = PBXFileReference; lastKnownFileType = text.plist.strings; name = en; path = en.lproj/InfoPlist.strings; sourceTree = "<group>"; };
		8924A3211921A0410082A039 /* main.m */ = {isa = PBXFileReference; lastKnownFileType = sourcecode.c.objc; path = main.m; sourceTree = "<group>"; };
		8924A3231921A0410082A039 /* ZombieSomething-Prefix.pch */ = {isa = PBXFileReference; lastKnownFileType = sourcecode.c.h; path = "ZombieSomething-Prefix.pch"; sourceTree = "<group>"; };
		8924A3241921A0410082A039 /* AppDelegate.h */ = {isa = PBXFileReference; lastKnownFileType = sourcecode.c.h; path = AppDelegate.h; sourceTree = "<group>"; };
		8924A3251921A0410082A039 /* AppDelegate.m */ = {isa = PBXFileReference; lastKnownFileType = sourcecode.c.objc; path = AppDelegate.m; sourceTree = "<group>"; };
		8924A3281921A0410082A039 /* Base */ = {isa = PBXFileReference; lastKnownFileType = file.storyboard; name = Base; path = Base.lproj/Main_iPhone.storyboard; sourceTree = "<group>"; };
		8924A32B1921A0410082A039 /* Base */ = {isa = PBXFileReference; lastKnownFileType = file.storyboard; name = Base; path = Base.lproj/Main_iPad.storyboard; sourceTree = "<group>"; };
		8924A32D1921A0410082A039 /* ViewController.h */ = {isa = PBXFileReference; lastKnownFileType = sourcecode.c.h; path = ViewController.h; sourceTree = "<group>"; };
		8924A32E1921A0410082A039 /* ViewController.m */ = {isa = PBXFileReference; lastKnownFileType = sourcecode.c.objc; path = ViewController.m; sourceTree = "<group>"; };
		8924A3301921A0410082A039 /* Images.xcassets */ = {isa = PBXFileReference; lastKnownFileType = folder.assetcatalog; path = Images.xcassets; sourceTree = "<group>"; };
		8924A3361921A0410082A039 /* ZombieSomethingTests.xctest */ = {isa = PBXFileReference; explicitFileType = wrapper.cfbundle; includeInIndex = 0; path = ZombieSomethingTests.xctest; sourceTree = BUILT_PRODUCTS_DIR; };
		8924A3371921A0410082A039 /* XCTest.framework */ = {isa = PBXFileReference; lastKnownFileType = wrapper.framework; name = XCTest.framework; path = Library/Frameworks/XCTest.framework; sourceTree = DEVELOPER_DIR; };
		8924A33F1921A0410082A039 /* ZombieSomethingTests-Info.plist */ = {isa = PBXFileReference; lastKnownFileType = text.plist.xml; path = "ZombieSomethingTests-Info.plist"; sourceTree = "<group>"; };
		8924A3411921A0410082A039 /* en */ = {isa = PBXFileReference; lastKnownFileType = text.plist.strings; name = en; path = en.lproj/InfoPlist.strings; sourceTree = "<group>"; };
		8924A3431921A0410082A039 /* ZombieSomethingTests.m */ = {isa = PBXFileReference; lastKnownFileType = sourcecode.c.objc; path = ZombieSomethingTests.m; sourceTree = "<group>"; };
		898C0F561921B1E600A14B7A /* Firebase.framework */ = {isa = PBXFileReference; lastKnownFileType = wrapper.framework; name = Firebase.framework; path = ZombieSomething/Firebase.framework; sourceTree = "<group>"; };
		898C0F581921B27C00A14B7A /* libicucore.dylib */ = {isa = PBXFileReference; lastKnownFileType = "compiled.mach-o.dylib"; name = libicucore.dylib; path = usr/lib/libicucore.dylib; sourceTree = SDKROOT; };
		898C0F5A1921B28700A14B7A /* libc++.dylib */ = {isa = PBXFileReference; lastKnownFileType = "compiled.mach-o.dylib"; name = "libc++.dylib"; path = "usr/lib/libc++.dylib"; sourceTree = SDKROOT; };
		898C0F5C1921B28E00A14B7A /* CFNetwork.framework */ = {isa = PBXFileReference; lastKnownFileType = wrapper.framework; name = CFNetwork.framework; path = System/Library/Frameworks/CFNetwork.framework; sourceTree = SDKROOT; };
		898C0F5E1921B29400A14B7A /* Security.framework */ = {isa = PBXFileReference; lastKnownFileType = wrapper.framework; name = Security.framework; path = System/Library/Frameworks/Security.framework; sourceTree = SDKROOT; };
		898C0F601921B29A00A14B7A /* SystemConfiguration.framework */ = {isa = PBXFileReference; lastKnownFileType = wrapper.framework; name = SystemConfiguration.framework; path = System/Library/Frameworks/SystemConfiguration.framework; sourceTree = SDKROOT; };
/* End PBXFileReference section */

/* Begin PBXFrameworksBuildPhase section */
		8924A30F1921A0410082A039 /* Frameworks */ = {
			isa = PBXFrameworksBuildPhase;
			buildActionMask = 2147483647;
			files = (
				898C0F611921B29A00A14B7A /* SystemConfiguration.framework in Frameworks */,
				898C0F5F1921B29400A14B7A /* Security.framework in Frameworks */,
				898C0F5D1921B28E00A14B7A /* CFNetwork.framework in Frameworks */,
				898C0F5B1921B28700A14B7A /* libc++.dylib in Frameworks */,
				898C0F591921B27C00A14B7A /* libicucore.dylib in Frameworks */,
				898C0F571921B1E600A14B7A /* Firebase.framework in Frameworks */,
				8924A3181921A0410082A039 /* CoreGraphics.framework in Frameworks */,
				8924A31A1921A0410082A039 /* UIKit.framework in Frameworks */,
				8924A3161921A0410082A039 /* Foundation.framework in Frameworks */,
			);
			runOnlyForDeploymentPostprocessing = 0;
		};
		8924A3331921A0410082A039 /* Frameworks */ = {
			isa = PBXFrameworksBuildPhase;
			buildActionMask = 2147483647;
			files = (
				8924A3381921A0410082A039 /* XCTest.framework in Frameworks */,
				8924A33A1921A0410082A039 /* UIKit.framework in Frameworks */,
				8924A3391921A0410082A039 /* Foundation.framework in Frameworks */,
			);
			runOnlyForDeploymentPostprocessing = 0;
		};
/* End PBXFrameworksBuildPhase section */

/* Begin PBXGroup section */
		8924A3091921A0400082A039 = {
			isa = PBXGroup;
			children = (
				8924A31B1921A0410082A039 /* ZombieSomething */,
				8924A33D1921A0410082A039 /* ZombieSomethingTests */,
				8924A3141921A0410082A039 /* Frameworks */,
				8924A3131921A0410082A039 /* Products */,
			);
			sourceTree = "<group>";
		};
		8924A3131921A0410082A039 /* Products */ = {
			isa = PBXGroup;
			children = (
				8924A3121921A0410082A039 /* ZombieSomething.app */,
				8924A3361921A0410082A039 /* ZombieSomethingTests.xctest */,
			);
			name = Products;
			sourceTree = "<group>";
		};
		8924A3141921A0410082A039 /* Frameworks */ = {
			isa = PBXGroup;
			children = (
				898C0F601921B29A00A14B7A /* SystemConfiguration.framework */,
				898C0F5E1921B29400A14B7A /* Security.framework */,
				898C0F5C1921B28E00A14B7A /* CFNetwork.framework */,
				898C0F5A1921B28700A14B7A /* libc++.dylib */,
				898C0F581921B27C00A14B7A /* libicucore.dylib */,
				898C0F561921B1E600A14B7A /* Firebase.framework */,
				8924A3151921A0410082A039 /* Foundation.framework */,
				8924A3171921A0410082A039 /* CoreGraphics.framework */,
				8924A3191921A0410082A039 /* UIKit.framework */,
				8924A3371921A0410082A039 /* XCTest.framework */,
			);
			name = Frameworks;
			sourceTree = "<group>";
		};
		8924A31B1921A0410082A039 /* ZombieSomething */ = {
			isa = PBXGroup;
			children = (
				8924A3241921A0410082A039 /* AppDelegate.h */,
				8924A3251921A0410082A039 /* AppDelegate.m */,
				8924A3271921A0410082A039 /* Main_iPhone.storyboard */,
				8924A32A1921A0410082A039 /* Main_iPad.storyboard */,
				8924A32D1921A0410082A039 /* ViewController.h */,
				8924A32E1921A0410082A039 /* ViewController.m */,
				8924A3301921A0410082A039 /* Images.xcassets */,
				8924A31C1921A0410082A039 /* Supporting Files */,
			);
			path = ZombieSomething;
			sourceTree = "<group>";
		};
		8924A31C1921A0410082A039 /* Supporting Files */ = {
			isa = PBXGroup;
			children = (
				8924A31D1921A0410082A039 /* ZombieSomething-Info.plist */,
				8924A31E1921A0410082A039 /* InfoPlist.strings */,
				8924A3211921A0410082A039 /* main.m */,
				8924A3231921A0410082A039 /* ZombieSomething-Prefix.pch */,
			);
			name = "Supporting Files";
			sourceTree = "<group>";
		};
		8924A33D1921A0410082A039 /* ZombieSomethingTests */ = {
			isa = PBXGroup;
			children = (
				8924A3431921A0410082A039 /* ZombieSomethingTests.m */,
				8924A33E1921A0410082A039 /* Supporting Files */,
			);
			path = ZombieSomethingTests;
			sourceTree = "<group>";
		};
		8924A33E1921A0410082A039 /* Supporting Files */ = {
			isa = PBXGroup;
			children = (
				8924A33F1921A0410082A039 /* ZombieSomethingTests-Info.plist */,
				8924A3401921A0410082A039 /* InfoPlist.strings */,
			);
			name = "Supporting Files";
			sourceTree = "<group>";
		};
/* End PBXGroup section */

/* Begin PBXNativeTarget section */
		8924A3111921A0410082A039 /* ZombieSomething */ = {
			isa = PBXNativeTarget;
			buildConfigurationList = 8924A3471921A0410082A039 /* Build configuration list for PBXNativeTarget "ZombieSomething" */;
			buildPhases = (
				8924A30E1921A0410082A039 /* Sources */,
				8924A30F1921A0410082A039 /* Frameworks */,
				8924A3101921A0410082A039 /* Resources */,
			);
			buildRules = (
			);
			dependencies = (
			);
			name = ZombieSomething;
			productName = ZombieSomething;
			productReference = 8924A3121921A0410082A039 /* ZombieSomething.app */;
			productType = "com.apple.product-type.application";
		};
		8924A3351921A0410082A039 /* ZombieSomethingTests */ = {
			isa = PBXNativeTarget;
			buildConfigurationList = 8924A34A1921A0410082A039 /* Build configuration list for PBXNativeTarget "ZombieSomethingTests" */;
			buildPhases = (
				8924A3321921A0410082A039 /* Sources */,
				8924A3331921A0410082A039 /* Frameworks */,
				8924A3341921A0410082A039 /* Resources */,
			);
			buildRules = (
			);
			dependencies = (
				8924A33C1921A0410082A039 /* PBXTargetDependency */,
			);
			name = ZombieSomethingTests;
			productName = ZombieSomethingTests;
			productReference = 8924A3361921A0410082A039 /* ZombieSomethingTests.xctest */;
			productType = "com.apple.product-type.bundle.unit-test";
		};
/* End PBXNativeTarget section */

/* Begin PBXProject section */
		8924A30A1921A0410082A039 /* Project object */ = {
			isa = PBXProject;
			attributes = {
				LastUpgradeCheck = 0510;
				ORGANIZATIONNAME = "Allison Wonderland Games";
				TargetAttributes = {
					8924A3351921A0410082A039 = {
						TestTargetID = 8924A3111921A0410082A039;
					};
				};
			};
			buildConfigurationList = 8924A30D1921A0410082A039 /* Build configuration list for PBXProject "ZombieSomething" */;
			compatibilityVersion = "Xcode 3.2";
			developmentRegion = English;
			hasScannedForEncodings = 0;
			knownRegions = (
				en,
				Base,
			);
			mainGroup = 8924A3091921A0400082A039;
			productRefGroup = 8924A3131921A0410082A039 /* Products */;
			projectDirPath = "";
			projectRoot = "";
			targets = (
				8924A3111921A0410082A039 /* ZombieSomething */,
				8924A3351921A0410082A039 /* ZombieSomethingTests */,
			);
		};
/* End PBXProject section */

/* Begin PBXResourcesBuildPhase section */
		8924A3101921A0410082A039 /* Resources */ = {
			isa = PBXResourcesBuildPhase;
			buildActionMask = 2147483647;
			files = (
				8924A32C1921A0410082A039 /* Main_iPad.storyboard in Resources */,
				8924A3311921A0410082A039 /* Images.xcassets in Resources */,
				8924A3291921A0410082A039 /* Main_iPhone.storyboard in Resources */,
				8924A3201921A0410082A039 /* InfoPlist.strings in Resources */,
			);
			runOnlyForDeploymentPostprocessing = 0;
		};
		8924A3341921A0410082A039 /* Resources */ = {
			isa = PBXResourcesBuildPhase;
			buildActionMask = 2147483647;
			files = (
				8924A3421921A0410082A039 /* InfoPlist.strings in Resources */,
			);
			runOnlyForDeploymentPostprocessing = 0;
		};
/* End PBXResourcesBuildPhase section */

/* Begin PBXSourcesBuildPhase section */
		8924A30E1921A0410082A039 /* Sources */ = {
			isa = PBXSourcesBuildPhase;
			buildActionMask = 2147483647;
			files = (
				8924A32F1921A0410082A039 /* ViewController.m in Sources */,
				8924A3261921A0410082A039 /* AppDelegate.m in Sources */,
				8924A3221921A0410082A039 /* main.m in Sources */,
			);
			runOnlyForDeploymentPostprocessing = 0;
		};
		8924A3321921A0410082A039 /* Sources */ = {
			isa = PBXSourcesBuildPhase;
			buildActionMask = 2147483647;
			files = (
				8924A3441921A0410082A039 /* ZombieSomethingTests.m in Sources */,
			);
			runOnlyForDeploymentPostprocessing = 0;
		};
/* End PBXSourcesBuildPhase section */

/* Begin PBXTargetDependency section */
		8924A33C1921A0410082A039 /* PBXTargetDependency */ = {
			isa = PBXTargetDependency;
			target = 8924A3111921A0410082A039 /* ZombieSomething */;
			targetProxy = 8924A33B1921A0410082A039 /* PBXContainerItemProxy */;
		};
/* End PBXTargetDependency section */

/* Begin PBXVariantGroup section */
		8924A31E1921A0410082A039 /* InfoPlist.strings */ = {
			isa = PBXVariantGroup;
			children = (
				8924A31F1921A0410082A039 /* en */,
			);
			name = InfoPlist.strings;
			sourceTree = "<group>";
		};
		8924A3271921A0410082A039 /* Main_iPhone.storyboard */ = {
			isa = PBXVariantGroup;
			children = (
				8924A3281921A0410082A039 /* Base */,
			);
			name = Main_iPhone.storyboard;
			sourceTree = "<group>";
		};
		8924A32A1921A0410082A039 /* Main_iPad.storyboard */ = {
			isa = PBXVariantGroup;
			children = (
				8924A32B1921A0410082A039 /* Base */,
			);
			name = Main_iPad.storyboard;
			sourceTree = "<group>";
		};
		8924A3401921A0410082A039 /* InfoPlist.strings */ = {
			isa = PBXVariantGroup;
			children = (
				8924A3411921A0410082A039 /* en */,
			);
			name = InfoPlist.strings;
			sourceTree = "<group>";
		};
/* End PBXVariantGroup section */

/* Begin XCBuildConfiguration section */
		8924A3451921A0410082A039 /* Debug */ = {
			isa = XCBuildConfiguration;
			buildSettings = {
				ALWAYS_SEARCH_USER_PATHS = NO;
				CLANG_CXX_LANGUAGE_STANDARD = "gnu++0x";
				CLANG_CXX_LIBRARY = "libc++";
				CLANG_ENABLE_MODULES = YES;
				CLANG_ENABLE_OBJC_ARC = YES;
				CLANG_WARN_BOOL_CONVERSION = YES;
				CLANG_WARN_CONSTANT_CONVERSION = YES;
				CLANG_WARN_DIRECT_OBJC_ISA_USAGE = YES_ERROR;
				CLANG_WARN_EMPTY_BODY = YES;
				CLANG_WARN_ENUM_CONVERSION = YES;
				CLANG_WARN_INT_CONVERSION = YES;
				CLANG_WARN_OBJC_ROOT_CLASS = YES_ERROR;
				CLANG_WARN__DUPLICATE_METHOD_MATCH = YES;
				"CODE_SIGN_IDENTITY[sdk=iphoneos*]" = "iPhone Developer";
				COPY_PHASE_STRIP = NO;
				GCC_C_LANGUAGE_STANDARD = gnu99;
				GCC_DYNAMIC_NO_PIC = NO;
				GCC_OPTIMIZATION_LEVEL = 0;
				GCC_PREPROCESSOR_DEFINITIONS = (
					"DEBUG=1",
					"$(inherited)",
				);
				GCC_SYMBOLS_PRIVATE_EXTERN = NO;
				GCC_WARN_64_TO_32_BIT_CONVERSION = YES;
				GCC_WARN_ABOUT_RETURN_TYPE = YES_ERROR;
				GCC_WARN_UNDECLARED_SELECTOR = YES;
				GCC_WARN_UNINITIALIZED_AUTOS = YES_AGGRESSIVE;
				GCC_WARN_UNUSED_FUNCTION = YES;
				GCC_WARN_UNUSED_VARIABLE = YES;
				IPHONEOS_DEPLOYMENT_TARGET = 7.1;
				ONLY_ACTIVE_ARCH = YES;
				SDKROOT = iphoneos;
				TARGETED_DEVICE_FAMILY = "1,2";
			};
			name = Debug;
		};
		8924A3461921A0410082A039 /* Release */ = {
			isa = XCBuildConfiguration;
			buildSettings = {
				ALWAYS_SEARCH_USER_PATHS = NO;
				CLANG_CXX_LANGUAGE_STANDARD = "gnu++0x";
				CLANG_CXX_LIBRARY = "libc++";
				CLANG_ENABLE_MODULES = YES;
				CLANG_ENABLE_OBJC_ARC = YES;
				CLANG_WARN_BOOL_CONVERSION = YES;
				CLANG_WARN_CONSTANT_CONVERSION = YES;
				CLANG_WARN_DIRECT_OBJC_ISA_USAGE = YES_ERROR;
				CLANG_WARN_EMPTY_BODY = YES;
				CLANG_WARN_ENUM_CONVERSION = YES;
				CLANG_WARN_INT_CONVERSION = YES;
				CLANG_WARN_OBJC_ROOT_CLASS = YES_ERROR;
				CLANG_WARN__DUPLICATE_METHOD_MATCH = YES;
				"CODE_SIGN_IDENTITY[sdk=iphoneos*]" = "iPhone Developer";
				COPY_PHASE_STRIP = YES;
				ENABLE_NS_ASSERTIONS = NO;
				GCC_C_LANGUAGE_STANDARD = gnu99;
				GCC_WARN_64_TO_32_BIT_CONVERSION = YES;
				GCC_WARN_ABOUT_RETURN_TYPE = YES_ERROR;
				GCC_WARN_UNDECLARED_SELECTOR = YES;
				GCC_WARN_UNINITIALIZED_AUTOS = YES_AGGRESSIVE;
				GCC_WARN_UNUSED_FUNCTION = YES;
				GCC_WARN_UNUSED_VARIABLE = YES;
				IPHONEOS_DEPLOYMENT_TARGET = 7.1;
				SDKROOT = iphoneos;
				TARGETED_DEVICE_FAMILY = "1,2";
				VALIDATE_PRODUCT = YES;
			};
			name = Release;
		};
		8924A3481921A0410082A039 /* Debug */ = {
			isa = XCBuildConfiguration;
			buildSettings = {
				ASSETCATALOG_COMPILER_APPICON_NAME = AppIcon;
				ASSETCATALOG_COMPILER_LAUNCHIMAGE_NAME = LaunchImage;
				FRAMEWORK_SEARCH_PATHS = (
					"$(inherited)",
					"$(PROJECT_DIR)/ZombieSomething",
				);
				GCC_PRECOMPILE_PREFIX_HEADER = YES;
				GCC_PREFIX_HEADER = "ZombieSomething/ZombieSomething-Prefix.pch";
				INFOPLIST_FILE = "ZombieSomething/ZombieSomething-Info.plist";
				OTHER_LDFLAGS = "-ObjC";
				PRODUCT_NAME = "$(TARGET_NAME)";
				WRAPPER_EXTENSION = app;
			};
			name = Debug;
		};
		8924A3491921A0410082A039 /* Release */ = {
			isa = XCBuildConfiguration;
			buildSettings = {
				ASSETCATALOG_COMPILER_APPICON_NAME = AppIcon;
				ASSETCATALOG_COMPILER_LAUNCHIMAGE_NAME = LaunchImage;
				FRAMEWORK_SEARCH_PATHS = (
					"$(inherited)",
					"$(PROJECT_DIR)/ZombieSomething",
				);
				GCC_PRECOMPILE_PREFIX_HEADER = YES;
				GCC_PREFIX_HEADER = "ZombieSomething/ZombieSomething-Prefix.pch";
				INFOPLIST_FILE = "ZombieSomething/ZombieSomething-Info.plist";
				OTHER_LDFLAGS = "-ObjC";
				PRODUCT_NAME = "$(TARGET_NAME)";
				WRAPPER_EXTENSION = app;
			};
			name = Release;
		};
		8924A34B1921A0410082A039 /* Debug */ = {
			isa = XCBuildConfiguration;
			buildSettings = {
				BUNDLE_LOADER = "$(BUILT_PRODUCTS_DIR)/ZombieSomething.app/ZombieSomething";
				FRAMEWORK_SEARCH_PATHS = (
					"$(SDKROOT)/Developer/Library/Frameworks",
					"$(inherited)",
					"$(DEVELOPER_FRAMEWORKS_DIR)",
				);
				GCC_PRECOMPILE_PREFIX_HEADER = YES;
				GCC_PREFIX_HEADER = "ZombieSomething/ZombieSomething-Prefix.pch";
				GCC_PREPROCESSOR_DEFINITIONS = (
					"DEBUG=1",
					"$(inherited)",
				);
				INFOPLIST_FILE = "ZombieSomethingTests/ZombieSomethingTests-Info.plist";
				PRODUCT_NAME = "$(TARGET_NAME)";
				TEST_HOST = "$(BUNDLE_LOADER)";
				WRAPPER_EXTENSION = xctest;
			};
			name = Debug;
		};
		8924A34C1921A0410082A039 /* Release */ = {
			isa = XCBuildConfiguration;
			buildSettings = {
				BUNDLE_LOADER = "$(BUILT_PRODUCTS_DIR)/ZombieSomething.app/ZombieSomething";
				FRAMEWORK_SEARCH_PATHS = (
					"$(SDKROOT)/Developer/Library/Frameworks",
					"$(inherited)",
					"$(DEVELOPER_FRAMEWORKS_DIR)",
				);
				GCC_PRECOMPILE_PREFIX_HEADER = YES;
				GCC_PREFIX_HEADER = "ZombieSomething/ZombieSomething-Prefix.pch";
				INFOPLIST_FILE = "ZombieSomethingTests/ZombieSomethingTests-Info.plist";
				PRODUCT_NAME = "$(TARGET_NAME)";
				TEST_HOST = "$(BUNDLE_LOADER)";
				WRAPPER_EXTENSION = xctest;
			};
			name = Release;
		};
/* End XCBuildConfiguration section */

/* Begin XCConfigurationList section */
		8924A30D1921A0410082A039 /* Build configuration list for PBXProject "ZombieSomething" */ = {
			isa = XCConfigurationList;
			buildConfigurations = (
				8924A3451921A0410082A039 /* Debug */,
				8924A3461921A0410082A039 /* Release */,
			);
			defaultConfigurationIsVisible = 0;
			defaultConfigurationName = Release;
		};
		8924A3471921A0410082A039 /* Build configuration list for PBXNativeTarget "ZombieSomething" */ = {
			isa = XCConfigurationList;
			buildConfigurations = (
				8924A3481921A0410082A039 /* Debug */,
				8924A3491921A0410082A039 /* Release */,
			);
			defaultConfigurationIsVisible = 0;
			defaultConfigurationName = Release;
		};
		8924A34A1921A0410082A039 /* Build configuration list for PBXNativeTarget "ZombieSomethingTests" */ = {
			isa = XCConfigurationList;
			buildConfigurations = (
				8924A34B1921A0410082A039 /* Debug */,
				8924A34C1921A0410082A039 /* Release */,
			);
			defaultConfigurationIsVisible = 0;
			defaultConfigurationName = Release;
		};
/* End XCConfigurationList section */
	};
	rootObject = 8924A30A1921A0410082A039 /* Project object */;
}
